
Microsoft Visual Studio Solution File, Format Version 12.00
# Visual Studio Version 17
VisualStudioVersion = 17.10.35122.118
MinimumVisualStudioVersion = 10.0.40219.1
Project("{FAE04EC0-301F-11D3-BF4B-00C04F79EFBC}") = "Clockwise", "Clockwise\Clockwise.csproj", "{FCF7BF1E-C068-47CB-8A3B-E4359B629531}"
EndProject
Global
	GlobalSection(SolutionConfigurationPlatforms) = preSolution
		Debug|Any CPU = Debug|Any CPU
		Release|Any CPU = Release|Any CPU
	EndGlobalSection
	GlobalSection(ProjectConfigurationPlatforms) = postSolution
		{FCF7BF1E-C068-47CB-8A3B-E4359B629531}.Debug|Any CPU.ActiveCfg = Debug|Any CPU
		{FCF7BF1E-C068-47CB-8A3B-E4359B629531}.Debug|Any CPU.Build.0 = Debug|Any CPU
		{FCF7BF1E-C068-47CB-8A3B-E4359B629531}.Release|Any CPU.ActiveCfg = Release|Any CPU
		{FCF7BF1E-C068-47CB-8A3B-E4359B629531}.Release|Any CPU.Build.0 = Release|Any CPU
	EndGlobalSection
	GlobalSection(SolutionProperties) = preSolution
		HideSolutionNode = FALSE
	EndGlobalSection
	GlobalSection(ExtensibilityGlobals) = postSolution
		SolutionGuid = {F222BEEB-EA57-4FD8-87E1-2DBCEC534939}
	EndGlobalSection
EndGlobal
